
Microsoft Visual Studio Solution File, Format Version 12.00
# Visual Studio 15
Project("{FAE04EC0-301F-11D3-BF4B-00C04F79EFBC}") = "Assembly-CSharp", "Assembly-CSharp.csproj", "{BCBC17AF-1ECC-3F20-E2DB-3BDC92E25772}"
EndProject
Global
	GlobalSection(SolutionConfigurationPlatforms) = preSolution
		Debug|Any CPU = Debug|Any CPU
		Release|Any CPU = Release|Any CPU
	EndGlobalSection
	GlobalSection(ProjectConfigurationPlatforms) = postSolution
		{BCBC17AF-1ECC-3F20-E2DB-3BDC92E25772}.Debug|Any CPU.ActiveCfg = Debug|Any CPU
		{BCBC17AF-1ECC-3F20-E2DB-3BDC92E25772}.Debug|Any CPU.Build.0 = Debug|Any CPU
		{BCBC17AF-1ECC-3F20-E2DB-3BDC92E25772}.Release|Any CPU.ActiveCfg = Release|Any CPU
		{BCBC17AF-1ECC-3F20-E2DB-3BDC92E25772}.Release|Any CPU.Build.0 = Release|Any CPU
	EndGlobalSection
	GlobalSection(SolutionProperties) = preSolution
		HideSolutionNode = FALSE
	EndGlobalSection
EndGlobal
